
Microsoft Visual Studio Solution File, Format Version 12.00
# Visual Studio Version 17
VisualStudioVersion = 17.14.36121.58 d17.14
MinimumVisualStudioVersion = 10.0.40219.1
Project("{FAE04EC0-301F-11D3-BF4B-00C04F79EFBC}") = "E-StoreAPI", "E-StoreAPI\E-StoreAPI.csproj", "{969F6F76-9C5D-4FFC-904A-D453E4BA8903}"
EndProject
Global
	GlobalSection(SolutionConfigurationPlatforms) = preSolution
		Debug|Any CPU = Debug|Any CPU
		Release|Any CPU = Release|Any CPU
	EndGlobalSection
	GlobalSection(ProjectConfigurationPlatforms) = postSolution
		{969F6F76-9C5D-4FFC-904A-D453E4BA8903}.Debug|Any CPU.ActiveCfg = Debug|Any CPU
		{969F6F76-9C5D-4FFC-904A-D453E4BA8903}.Debug|Any CPU.Build.0 = Debug|Any CPU
		{969F6F76-9C5D-4FFC-904A-D453E4BA8903}.Release|Any CPU.ActiveCfg = Release|Any CPU
		{969F6F76-9C5D-4FFC-904A-D453E4BA8903}.Release|Any CPU.Build.0 = Release|Any CPU
	EndGlobalSection
	GlobalSection(SolutionProperties) = preSolution
		HideSolutionNode = FALSE
	EndGlobalSection
	GlobalSection(ExtensibilityGlobals) = postSolution
		SolutionGuid = {4780C012-D0BD-46C3-AD47-27A03A37B7F6}
	EndGlobalSection
EndGlobal
